
Microsoft Visual Studio Solution File, Format Version 12.00
# Visual Studio Version 16
VisualStudioVersion = 16.0.29025.244
MinimumVisualStudioVersion = 10.0.40219.1
Project("{FAE04EC0-301F-11D3-BF4B-00C04F79EFBC}") = "FindSmallestElement", "FindSmallestElement\FindSmallestElement.csproj", "{8234FA3D-64FD-4304-9135-36DBF599345E}"
EndProject
Global
	GlobalSection(SolutionConfigurationPlatforms) = preSolution
		Debug|Any CPU = Debug|Any CPU
		Release|Any CPU = Release|Any CPU
	EndGlobalSection
	GlobalSection(ProjectConfigurationPlatforms) = postSolution
		{8234FA3D-64FD-4304-9135-36DBF599345E}.Debug|Any CPU.ActiveCfg = Debug|Any CPU
		{8234FA3D-64FD-4304-9135-36DBF599345E}.Debug|Any CPU.Build.0 = Debug|Any CPU
		{8234FA3D-64FD-4304-9135-36DBF599345E}.Release|Any CPU.ActiveCfg = Release|Any CPU
		{8234FA3D-64FD-4304-9135-36DBF599345E}.Release|Any CPU.Build.0 = Release|Any CPU
	EndGlobalSection
	GlobalSection(SolutionProperties) = preSolution
		HideSolutionNode = FALSE
	EndGlobalSection
	GlobalSection(ExtensibilityGlobals) = postSolution
		SolutionGuid = {6513F8E1-BBD3-4240-B23D-0809A19CF772}
	EndGlobalSection
EndGlobal
